// !$*UTF8*$!
{
	archiveVersion = 1;
	classes = {
	};
	objectVersion = 55;
	objects = {

/* Begin PBXBuildFile section */
		F35ADEE327426C9100FD595B /* AppDelegate.swift in Sources */ = {isa = PBXBuildFile; fileRef = F35ADEE227426C9100FD595B /* AppDelegate.swift */; };
		F35ADEE527426C9100FD595B /* SceneDelegate.swift in Sources */ = {isa = PBXBuildFile; fileRef = F35ADEE427426C9100FD595B /* SceneDelegate.swift */; };
		F35ADEE727426C9100FD595B /* ViewController.swift in Sources */ = {isa = PBXBuildFile; fileRef = F35ADEE627426C9100FD595B /* ViewController.swift */; };
		F35ADEEA27426C9100FD595B /* Main.storyboard in Resources */ = {isa = PBXBuildFile; fileRef = F35ADEE827426C9100FD595B /* Main.storyboard */; };
		F35ADEEC27426C9300FD595B /* Assets.xcassets in Resources */ = {isa = PBXBuildFile; fileRef = F35ADEEB27426C9300FD595B /* Assets.xcassets */; };
		F35ADEEF27426C9300FD595B /* LaunchScreen.storyboard in Resources */ = {isa = PBXBuildFile; fileRef = F35ADEED27426C9300FD595B /* LaunchScreen.storyboard */; };
		F3A610FE2743AF71008A485D /* CalendarHelper.swift in Sources */ = {isa = PBXBuildFile; fileRef = F3A610FD2743AF71008A485D /* CalendarHelper.swift */; };
		F3A611012743B381008A485D /* CustomCell.swift in Sources */ = {isa = PBXBuildFile; fileRef = F3A610FF2743B350008A485D /* CustomCell.swift */; };
/* End PBXBuildFile section */

/* Begin PBXFileReference section */
		F35ADEDF27426C9100FD595B /* ListCalendarProject.app */ = {isa = PBXFileReference; explicitFileType = wrapper.application; includeInIndex = 0; path = ListCalendarProject.app; sourceTree = BUILT_PRODUCTS_DIR; };
		F35ADEE227426C9100FD595B /* AppDelegate.swift */ = {isa = PBXFileReference; lastKnownFileType = sourcecode.swift; path = AppDelegate.swift; sourceTree = "<group>"; };
		F35ADEE427426C9100FD595B /* SceneDelegate.swift */ = {isa = PBXFileReference; lastKnownFileType = sourcecode.swift; path = SceneDelegate.swift; sourceTree = "<group>"; };
		F35ADEE627426C9100FD595B /* ViewController.swift */ = {isa = PBXFileReference; lastKnownFileType = sourcecode.swift; path = ViewController.swift; sourceTree = "<group>"; };
		F35ADEE927426C9100FD595B /* Base */ = {isa = PBXFileReference; lastKnownFileType = file.storyboard; name = Base; path = Base.lproj/Main.storyboard; sourceTree = "<group>"; };
		F35ADEEB27426C9300FD595B /* Assets.xcassets */ = {isa = PBXFileReference; lastKnownFileType = folder.assetcatalog; path = Assets.xcassets; sourceTree = "<group>"; };
		F35ADEEE27426C9300FD595B /* Base */ = {isa = PBXFileReference; lastKnownFileType = file.storyboard; name = Base; path = Base.lproj/LaunchScreen.storyboard; sourceTree = "<group>"; };
		F35ADEF027426C9300FD595B /* Info.plist */ = {isa = PBXFileReference; lastKnownFileType = text.plist.xml; path = Info.plist; sourceTree = "<group>"; };
		F3A610FD2743AF71008A485D /* CalendarHelper.swift */ = {isa = PBXFileReference; lastKnownFileType = sourcecode.swift; path = CalendarHelper.swift; sourceTree = "<group>"; };
		F3A610FF2743B350008A485D /* CustomCell.swift */ = {isa = PBXFileReference; lastKnownFileType = sourcecode.swift; path = CustomCell.swift; sourceTree = "<group>"; };
/* End PBXFileReference section */

/* Begin PBXFrameworksBuildPhase section */
		F35ADEDC27426C9100FD595B /* Frameworks */ = {
			isa = PBXFrameworksBuildPhase;
			buildActionMask = 2147483647;
			files = (
			);
			runOnlyForDeploymentPostprocessing = 0;
		};
/* End PBXFrameworksBuildPhase section */

/* Begin PBXGroup section */
		F35ADED627426C9100FD595B = {
			isa = PBXGroup;
			children = (
				F35ADEE127426C9100FD595B /* ListCalendarProject */,
				F35ADEE027426C9100FD595B /* Products */,
			);
			sourceTree = "<group>";
		};
		F35ADEE027426C9100FD595B /* Products */ = {
			isa = PBXGroup;
			children = (
				F35ADEDF27426C9100FD595B /* ListCalendarProject.app */,
			);
			name = Products;
			sourceTree = "<group>";
		};
		F35ADEE127426C9100FD595B /* ListCalendarProject */ = {
			isa = PBXGroup;
			children = (
				F35ADEE227426C9100FD595B /* AppDelegate.swift */,
				F35ADEE427426C9100FD595B /* SceneDelegate.swift */,
				F35ADEE627426C9100FD595B /* ViewController.swift */,
				F35ADEE827426C9100FD595B /* Main.storyboard */,
				F3A610FD2743AF71008A485D /* CalendarHelper.swift */,
				F3A610FF2743B350008A485D /* CustomCell.swift */,
				F35ADEEB27426C9300FD595B /* Assets.xcassets */,
				F35ADEED27426C9300FD595B /* LaunchScreen.storyboard */,
				F35ADEF027426C9300FD595B /* Info.plist */,
			);
			path = ListCalendarProject;
			sourceTree = "<group>";
		};
/* End PBXGroup section */

/* Begin PBXNativeTarget section */
		F35ADEDE27426C9100FD595B /* ListCalendarProject */ = {
			isa = PBXNativeTarget;
			buildConfigurationList = F35ADEF327426C9300FD595B /* Build configuration list for PBXNativeTarget "ListCalendarProject" */;
			buildPhases = (
				F35ADEDB27426C9100FD595B /* Sources */,
				F35ADEDC27426C9100FD595B /* Frameworks */,
				F35ADEDD27426C9100FD595B /* Resources */,
			);
			buildRules = (
			);
			dependencies = (
			);
			name = ListCalendarProject;
			packageProductDependencies = (
			);
			productName = JTAppleCalendarDemo;
			productReference = F35ADEDF27426C9100FD595B /* ListCalendarProject.app */;
			productType = "com.apple.product-type.application";
		};
/* End PBXNativeTarget section */

/* Begin PBXProject section */
		F35ADED727426C9100FD595B /* Project object */ = {
			isa = PBXProject;
			attributes = {
				BuildIndependentTargetsInParallel = 1;
				LastSwiftUpdateCheck = 1300;
				LastUpgradeCheck = 1300;
				TargetAttributes = {
					F35ADEDE27426C9100FD595B = {
						CreatedOnToolsVersion = 13.0;
					};
				};
			};
			buildConfigurationList = F35ADEDA27426C9100FD595B /* Build configuration list for PBXProject "ListCalendarProject" */;
			compatibilityVersion = "Xcode 13.0";
			developmentRegion = en;
			hasScannedForEncodings = 0;
			knownRegions = (
				en,
				Base,
			);
			mainGroup = F35ADED627426C9100FD595B;
			packageReferences = (
			);
			productRefGroup = F35ADEE027426C9100FD595B /* Products */;
			projectDirPath = "";
			projectRoot = "";
			targets = (
				F35ADEDE27426C9100FD595B /* ListCalendarProject */,
			);
		};
/* End PBXProject section */

/* Begin PBXResourcesBuildPhase section */
		F35ADEDD27426C9100FD595B /* Resources */ = {
			isa = PBXResourcesBuildPhase;
			buildActionMask = 2147483647;
			files = (
				F35ADEEF27426C9300FD595B /* LaunchScreen.storyboard in Resources */,
				F35ADEEC27426C9300FD595B /* Assets.xcassets in Resources */,
				F35ADEEA27426C9100FD595B /* Main.storyboard in Resources */,
			);
			runOnlyForDeploymentPostprocessing = 0;
		};
/* End PBXResourcesBuildPhase section */

/* Begin PBXSourcesBuildPhase section */
		F35ADEDB27426C9100FD595B /* Sources */ = {
			isa = PBXSourcesBuildPhase;
			buildActionMask = 2147483647;
			files = (
				F35ADEE727426C9100FD595B /* ViewController.swift in Sources */,
				F3A610FE2743AF71008A485D /* CalendarHelper.swift in Sources */,
				F3A611012743B381008A485D /* CustomCell.swift in Sources */,
				F35ADEE327426C9100FD595B /* AppDelegate.swift in Sources */,
				F35ADEE527426C9100FD595B /* SceneDelegate.swift in Sources */,
			);
			runOnlyForDeploymentPostprocessing = 0;
		};
/* End PBXSourcesBuildPhase section */

/* Begin PBXVariantGroup section */
		F35ADEE827426C9100FD595B /* Main.storyboard */ = {
			isa = PBXVariantGroup;
			children = (
				F35ADEE927426C9100FD595B /* Base */,
			);
			name = Main.storyboard;
			sourceTree = "<group>";
		};
		F35ADEED27426C9300FD595B /* LaunchScreen.storyboard */ = {
			isa = PBXVariantGroup;
			children = (
				F35ADEEE27426C9300FD595B /* Base */,
			);
			name = LaunchScreen.storyboard;
			sourceTree = "<group>";
		};
/* End PBXVariantGroup section */

/* Begin XCBuildConfiguration section */
		F35ADEF127426C9300FD595B /* Debug */ = {
			isa = XCBuildConfiguration;
			buildSettings = {
				ALWAYS_SEARCH_USER_PATHS = NO;
				CLANG_ANALYZER_NONNULL = YES;
				CLANG_ANALYZER_NUMBER_OBJECT_CONVERSION = YES_AGGRESSIVE;
				CLANG_CXX_LANGUAGE_STANDARD = "gnu++17";
				CLANG_CXX_LIBRARY = "libc++";
				CLANG_ENABLE_MODULES = YES;
				CLANG_ENABLE_OBJC_ARC = YES;
				CLANG_ENABLE_OBJC_WEAK = YES;
				CLANG_WARN_BLOCK_CAPTURE_AUTORELEASING = YES;
				CLANG_WARN_BOOL_CONVERSION = YES;
				CLANG_WARN_COMMA = YES;
				CLANG_WARN_CONSTANT_CONVERSION = YES;
				CLANG_WARN_DEPRECATED_OBJC_IMPLEMENTATIONS = YES;
				CLANG_WARN_DIRECT_OBJC_ISA_USAGE = YES_ERROR;
				CLANG_WARN_DOCUMENTATION_COMMENTS = YES;
				CLANG_WARN_EMPTY_BODY = YES;
				CLANG_WARN_ENUM_CONVERSION = YES;
				CLANG_WARN_INFINITE_RECURSION = YES;
				CLANG_WARN_INT_CONVERSION = YES;
				CLANG_WARN_NON_LITERAL_NULL_CONVERSION = YES;
				CLANG_WARN_OBJC_IMPLICIT_RETAIN_SELF = YES;
				CLANG_WARN_OBJC_LITERAL_CONVERSION = YES;
				CLANG_WARN_OBJC_ROOT_CLASS = YES_ERROR;
				CLANG_WARN_QUOTED_INCLUDE_IN_FRAMEWORK_HEADER = YES;
				CLANG_WARN_RANGE_LOOP_ANALYSIS = YES;
				CLANG_WARN_STRICT_PROTOTYPES = YES;
				CLANG_WARN_SUSPICIOUS_MOVE = YES;
				CLANG_WARN_UNGUARDED_AVAILABILITY = YES_AGGRESSIVE;
				CLANG_WARN_UNREACHABLE_CODE = YES;
				CLANG_WARN__DUPLICATE_METHOD_MATCH = YES;
				COPY_PHASE_STRIP = NO;
				DEBUG_INFORMATION_FORMAT = dwarf;
				ENABLE_STRICT_OBJC_MSGSEND = YES;
				ENABLE_TESTABILITY = YES;
				GCC_C_LANGUAGE_STANDARD = gnu11;
				GCC_DYNAMIC_NO_PIC = NO;
				GCC_NO_COMMON_BLOCKS = YES;
				GCC_OPTIMIZATION_LEVEL = 0;
				GCC_PREPROCESSOR_DEFINITIONS = (
					"DEBUG=1",
					"$(inherited)",
				);
				GCC_WARN_64_TO_32_BIT_CONVERSION = YES;
				GCC_WARN_ABOUT_RETURN_TYPE = YES_ERROR;
				GCC_WARN_UNDECLARED_SELECTOR = YES;
				GCC_WARN_UNINITIALIZED_AUTOS = YES_AGGRESSIVE;
				GCC_WARN_UNUSED_FUNCTION = YES;
				GCC_WARN_UNUSED_VARIABLE = YES;
				IPHONEOS_DEPLOYMENT_TARGET = 15.0;
				MTL_ENABLE_DEBUG_INFO = INCLUDE_SOURCE;
				MTL_FAST_MATH = YES;
				ONLY_ACTIVE_ARCH = YES;
				SDKROOT = iphoneos;
				SWIFT_ACTIVE_COMPILATION_CONDITIONS = DEBUG;
				SWIFT_OPTIMIZATION_LEVEL = "-Onone";
			};
			name = Debug;
		};
		F35ADEF227426C9300FD595B /* Release */ = {
			isa = XCBuildConfiguration;
			buildSettings = {
				ALWAYS_SEARCH_USER_PATHS = NO;
				CLANG_ANALYZER_NONNULL = YES;
				CLANG_ANALYZER_NUMBER_OBJECT_CONVERSION = YES_AGGRESSIVE;
				CLANG_CXX_LANGUAGE_STANDARD = "gnu++17";
				CLANG_CXX_LIBRARY = "libc++";
				CLANG_ENABLE_MODULES = YES;
				CLANG_ENABLE_OBJC_ARC = YES;
				CLANG_ENABLE_OBJC_WEAK = YES;
				CLANG_WARN_BLOCK_CAPTURE_AUTORELEASING = YES;
				CLANG_WARN_BOOL_CONVERSION = YES;
				CLANG_WARN_COMMA = YES;
				CLANG_WARN_CONSTANT_CONVERSION = YES;
				CLANG_WARN_DEPRECATED_OBJC_IMPLEMENTATIONS = YES;
				CLANG_WARN_DIRECT_OBJC_ISA_USAGE = YES_ERROR;
				CLANG_WARN_DOCUMENTATION_COMMENTS = YES;
				CLANG_WARN_EMPTY_BODY = YES;
				CLANG_WARN_ENUM_CONVERSION = YES;
				CLANG_WARN_INFINITE_RECURSION = YES;
				CLANG_WARN_INT_CONVERSION = YES;
				CLANG_WARN_NON_LITERAL_NULL_CONVERSION = YES;
				CLANG_WARN_OBJC_IMPLICIT_RETAIN_SELF = YES;
				CLANG_WARN_OBJC_LITERAL_CONVERSION = YES;
				CLANG_WARN_OBJC_ROOT_CLASS = YES_ERROR;
				CLANG_WARN_QUOTED_INCLUDE_IN_FRAMEWORK_HEADER = YES;
				CLANG_WARN_RANGE_LOOP_ANALYSIS = YES;
				CLANG_WARN_STRICT_PROTOTYPES = YES;
				CLANG_WARN_SUSPICIOUS_MOVE = YES;
				CLANG_WARN_UNGUARDED_AVAILABILITY = YES_AGGRESSIVE;
				CLANG_WARN_UNREACHABLE_CODE = YES;
				CLANG_WARN__DUPLICATE_METHOD_MATCH = YES;
				COPY_PHASE_STRIP = NO;
				DEBUG_INFORMATION_FORMAT = "dwarf-with-dsym";
				ENABLE_NS_ASSERTIONS = NO;
				ENABLE_STRICT_OBJC_MSGSEND = YES;
				GCC_C_LANGUAGE_STANDARD = gnu11;
				GCC_NO_COMMON_BLOCKS = YES;
				GCC_WARN_64_TO_32_BIT_CONVERSION = YES;
				GCC_WARN_ABOUT_RETURN_TYPE = YES_ERROR;
				GCC_WARN_UNDECLARED_SELECTOR = YES;
				GCC_WARN_UNINITIALIZED_AUTOS = YES_AGGRESSIVE;
				GCC_WARN_UNUSED_FUNCTION = YES;
				GCC_WARN_UNUSED_VARIABLE = YES;
				IPHONEOS_DEPLOYMENT_TARGET = 15.0;
				MTL_ENABLE_DEBUG_INFO = NO;
				MTL_FAST_MATH = YES;
				SDKROOT = iphoneos;
				SWIFT_COMPILATION_MODE = wholemodule;
				SWIFT_OPTIMIZATION_LEVEL = "-O";
				VALIDATE_PRODUCT = YES;
			};
			name = Release;
		};
		F35ADEF427426C9300FD595B /* Debug */ = {
			isa = XCBuildConfiguration;
			buildSettings = {
				ASSETCATALOG_COMPILER_APPICON_NAME = AppIcon;
				ASSETCATALOG_COMPILER_GLOBAL_ACCENT_COLOR_NAME = AccentColor;
				CODE_SIGN_STYLE = Automatic;
				CURRENT_PROJECT_VERSION = 1;
				DEVELOPMENT_TEAM = 95JXDGFHJM;
				GENERATE_INFOPLIST_FILE = YES;
				INFOPLIST_FILE = ListCalendarProject/Info.plist;
				INFOPLIST_KEY_UIApplicationSupportsIndirectInputEvents = YES;
				INFOPLIST_KEY_UILaunchStoryboardName = LaunchScreen;
				INFOPLIST_KEY_UIMainStoryboardFile = Main;
				INFOPLIST_KEY_UISupportedInterfaceOrientations_iPad = "UIInterfaceOrientationPortrait UIInterfaceOrientationPortraitUpsideDown UIInterfaceOrientationLandscapeLeft UIInterfaceOrientationLandscapeRight";
				INFOPLIST_KEY_UISupportedInterfaceOrientations_iPhone = "UIInterfaceOrientationPortrait UIInterfaceOrientationLandscapeLeft UIInterfaceOrientationLandscapeRight";
				LD_RUNPATH_SEARCH_PATHS = (
					"$(inherited)",
					"@executable_path/Frameworks",
				);
				MARKETING_VERSION = 1.0;
				PRODUCT_BUNDLE_IDENTIFIER = ondrejkondek.ListCalendarProject;
				PRODUCT_NAME = "$(TARGET_NAME)";
				SWIFT_EMIT_LOC_STRINGS = YES;
				SWIFT_VERSION = 5.0;
				TARGETED_DEVICE_FAMILY = "1,2";
			};
			name = Debug;
		};
		F35ADEF527426C9300FD595B /* Release */ = {
			isa = XCBuildConfiguration;
			buildSettings = {
				ASSETCATALOG_COMPILER_APPICON_NAME = AppIcon;
				ASSETCATALOG_COMPILER_GLOBAL_ACCENT_COLOR_NAME = AccentColor;
				CODE_SIGN_STYLE = Automatic;
				CURRENT_PROJECT_VERSION = 1;
				DEVELOPMENT_TEAM = 95JXDGFHJM;
				GENERATE_INFOPLIST_FILE = YES;
				INFOPLIST_FILE = ListCalendarProject/Info.plist;
				INFOPLIST_KEY_UIApplicationSupportsIndirectInputEvents = YES;
				INFOPLIST_KEY_UILaunchStoryboardName = LaunchScreen;
				INFOPLIST_KEY_UIMainStoryboardFile = Main;
				INFOPLIST_KEY_UISupportedInterfaceOrientations_iPad = "UIInterfaceOrientationPortrait UIInterfaceOrientationPortraitUpsideDown UIInterfaceOrientationLandscapeLeft UIInterfaceOrientationLandscapeRight";
				INFOPLIST_KEY_UISupportedInterfaceOrientations_iPhone = "UIInterfaceOrientationPortrait UIInterfaceOrientationLandscapeLeft UIInterfaceOrientationLandscapeRight";
				LD_RUNPATH_SEARCH_PATHS = (
					"$(inherited)",
					"@executable_path/Frameworks",
				);
				MARKETING_VERSION = 1.0;
				PRODUCT_BUNDLE_IDENTIFIER = ondrejkondek.ListCalendarProject;
				PRODUCT_NAME = "$(TARGET_NAME)";
				SWIFT_EMIT_LOC_STRINGS = YES;
				SWIFT_VERSION = 5.0;
				TARGETED_DEVICE_FAMILY = "1,2";
			};
			name = Release;
		};
/* End XCBuildConfiguration section */

/* Begin XCConfigurationList section */
		F35ADEDA27426C9100FD595B /* Build configuration list for PBXProject "ListCalendarProject" */ = {
			isa = XCConfigurationList;
			buildConfigurations = (
				F35ADEF127426C9300FD595B /* Debug */,
				F35ADEF227426C9300FD595B /* Release */,
			);
			defaultConfigurationIsVisible = 0;
			defaultConfigurationName = Release;
		};
		F35ADEF327426C9300FD595B /* Build configuration list for PBXNativeTarget "ListCalendarProject" */ = {
			isa = XCConfigurationList;
			buildConfigurations = (
				F35ADEF427426C9300FD595B /* Debug */,
				F35ADEF527426C9300FD595B /* Release */,
			);
			defaultConfigurationIsVisible = 0;
			defaultConfigurationName = Release;
		};
/* End XCConfigurationList section */
	};
	rootObject = F35ADED727426C9100FD595B /* Project object */;
}
